
Microsoft Visual Studio Solution File, Format Version 12.00
# Visual Studio 15
VisualStudioVersion = 15.0.28307.1758
MinimumVisualStudioVersion = 10.0.40219.1
Project("{FAE04EC0-301F-11D3-BF4B-00C04F79EFBC}") = "Opps", "Opps\Opps.csproj", "{A3AA0D56-9A56-413F-9599-A05106F723EB}"
EndProject
Global
	GlobalSection(SolutionConfigurationPlatforms) = preSolution
		Debug|Any CPU = Debug|Any CPU
		Release|Any CPU = Release|Any CPU
	EndGlobalSection
	GlobalSection(ProjectConfigurationPlatforms) = postSolution
		{A3AA0D56-9A56-413F-9599-A05106F723EB}.Debug|Any CPU.ActiveCfg = Debug|Any CPU
		{A3AA0D56-9A56-413F-9599-A05106F723EB}.Debug|Any CPU.Build.0 = Debug|Any CPU
		{A3AA0D56-9A56-413F-9599-A05106F723EB}.Release|Any CPU.ActiveCfg = Release|Any CPU
		{A3AA0D56-9A56-413F-9599-A05106F723EB}.Release|Any CPU.Build.0 = Release|Any CPU
	EndGlobalSection
	GlobalSection(SolutionProperties) = preSolution
		HideSolutionNode = FALSE
	EndGlobalSection
	GlobalSection(ExtensibilityGlobals) = postSolution
		SolutionGuid = {79B57461-6BD6-4494-9C1B-BC5CD49A6478}
	EndGlobalSection
EndGlobal
